
Microsoft Visual Studio Solution File, Format Version 12.00
# Visual Studio 15
VisualStudioVersion = 15.0.27004.2002
MinimumVisualStudioVersion = 10.0.40219.1
Project("{FAE04EC0-301F-11D3-BF4B-00C04F79EFBC}") = "List", "List\List.csproj", "{D076665A-FF2E-4AF7-94F2-1F0C000AC9C9}"
EndProject
Project("{FAE04EC0-301F-11D3-BF4B-00C04F79EFBC}") = "ListTest", "ListTest\ListTest.csproj", "{B47960A9-CF90-4260-B19F-702AFC25DA2C}"
EndProject
Global
	GlobalSection(SolutionConfigurationPlatforms) = preSolution
		Debug|Any CPU = Debug|Any CPU
		Release|Any CPU = Release|Any CPU
	EndGlobalSection
	GlobalSection(ProjectConfigurationPlatforms) = postSolution
		{D076665A-FF2E-4AF7-94F2-1F0C000AC9C9}.Debug|Any CPU.ActiveCfg = Debug|Any CPU
		{D076665A-FF2E-4AF7-94F2-1F0C000AC9C9}.Debug|Any CPU.Build.0 = Debug|Any CPU
		{D076665A-FF2E-4AF7-94F2-1F0C000AC9C9}.Release|Any CPU.ActiveCfg = Release|Any CPU
		{D076665A-FF2E-4AF7-94F2-1F0C000AC9C9}.Release|Any CPU.Build.0 = Release|Any CPU
		{B47960A9-CF90-4260-B19F-702AFC25DA2C}.Debug|Any CPU.ActiveCfg = Debug|Any CPU
		{B47960A9-CF90-4260-B19F-702AFC25DA2C}.Debug|Any CPU.Build.0 = Debug|Any CPU
		{B47960A9-CF90-4260-B19F-702AFC25DA2C}.Release|Any CPU.ActiveCfg = Release|Any CPU
		{B47960A9-CF90-4260-B19F-702AFC25DA2C}.Release|Any CPU.Build.0 = Release|Any CPU
	EndGlobalSection
	GlobalSection(SolutionProperties) = preSolution
		HideSolutionNode = FALSE
	EndGlobalSection
	GlobalSection(ExtensibilityGlobals) = postSolution
		SolutionGuid = {8DD0AB34-68CB-4EE5-888D-C6F6A1A7BD20}
	EndGlobalSection
EndGlobal
