
Microsoft Visual Studio Solution File, Format Version 12.00
# Visual Studio 15
VisualStudioVersion = 15.0.27004.2002
MinimumVisualStudioVersion = 10.0.40219.1
Project("{FAE04EC0-301F-11D3-BF4B-00C04F79EFBC}") = "Ejercicio", "Ejercicio\Ejercicio.csproj", "{6294D395-BC39-49C5-9274-B466F3C2011B}"
EndProject
Project("{FAE04EC0-301F-11D3-BF4B-00C04F79EFBC}") = "Anagrama", "Anagrama\Anagrama.csproj", "{7AB36884-F5B1-402F-A7CD-30B41E82E2BB}"
EndProject
Project("{FAE04EC0-301F-11D3-BF4B-00C04F79EFBC}") = "Palindrome", "Palindrome\Palindrome.csproj", "{ECB8C741-3F0A-4D82-8C21-842BAA1C8D64}"
EndProject
Project("{FAE04EC0-301F-11D3-BF4B-00C04F79EFBC}") = "Arreglo_De_Numeros_Intermedio", "Arreglo_De_Numeros_Intermedio\Arreglo_De_Numeros_Intermedio.csproj", "{3AEF1135-F68E-4C56-9937-E3AB67870A9C}"
EndProject
Global
	GlobalSection(SolutionConfigurationPlatforms) = preSolution
		Debug|Any CPU = Debug|Any CPU
		Release|Any CPU = Release|Any CPU
	EndGlobalSection
	GlobalSection(ProjectConfigurationPlatforms) = postSolution
		{6294D395-BC39-49C5-9274-B466F3C2011B}.Debug|Any CPU.ActiveCfg = Debug|Any CPU
		{6294D395-BC39-49C5-9274-B466F3C2011B}.Debug|Any CPU.Build.0 = Debug|Any CPU
		{6294D395-BC39-49C5-9274-B466F3C2011B}.Release|Any CPU.ActiveCfg = Release|Any CPU
		{6294D395-BC39-49C5-9274-B466F3C2011B}.Release|Any CPU.Build.0 = Release|Any CPU
		{7AB36884-F5B1-402F-A7CD-30B41E82E2BB}.Debug|Any CPU.ActiveCfg = Debug|Any CPU
		{7AB36884-F5B1-402F-A7CD-30B41E82E2BB}.Debug|Any CPU.Build.0 = Debug|Any CPU
		{7AB36884-F5B1-402F-A7CD-30B41E82E2BB}.Release|Any CPU.ActiveCfg = Release|Any CPU
		{7AB36884-F5B1-402F-A7CD-30B41E82E2BB}.Release|Any CPU.Build.0 = Release|Any CPU
		{ECB8C741-3F0A-4D82-8C21-842BAA1C8D64}.Debug|Any CPU.ActiveCfg = Debug|Any CPU
		{ECB8C741-3F0A-4D82-8C21-842BAA1C8D64}.Debug|Any CPU.Build.0 = Debug|Any CPU
		{ECB8C741-3F0A-4D82-8C21-842BAA1C8D64}.Release|Any CPU.ActiveCfg = Release|Any CPU
		{ECB8C741-3F0A-4D82-8C21-842BAA1C8D64}.Release|Any CPU.Build.0 = Release|Any CPU
		{3AEF1135-F68E-4C56-9937-E3AB67870A9C}.Debug|Any CPU.ActiveCfg = Debug|Any CPU
		{3AEF1135-F68E-4C56-9937-E3AB67870A9C}.Debug|Any CPU.Build.0 = Debug|Any CPU
		{3AEF1135-F68E-4C56-9937-E3AB67870A9C}.Release|Any CPU.ActiveCfg = Release|Any CPU
		{3AEF1135-F68E-4C56-9937-E3AB67870A9C}.Release|Any CPU.Build.0 = Release|Any CPU
	EndGlobalSection
	GlobalSection(SolutionProperties) = preSolution
		HideSolutionNode = FALSE
	EndGlobalSection
	GlobalSection(ExtensibilityGlobals) = postSolution
		SolutionGuid = {711919AE-A5F2-44CB-A95E-F31DDAFC20D0}
	EndGlobalSection
EndGlobal
