
Microsoft Visual Studio Solution File, Format Version 12.00
# Visual Studio 15
VisualStudioVersion = 15.0.27004.2002
MinimumVisualStudioVersion = 10.0.40219.1
Project("{FAE04EC0-301F-11D3-BF4B-00C04F79EFBC}") = "Lineas", "Parcial2\Lineas.csproj", "{3A79564B-6179-4B09-88B2-D30CC75B3DE3}"
EndProject
Project("{FAE04EC0-301F-11D3-BF4B-00C04F79EFBC}") = "LineasTests", "LineasTests\LineasTests.csproj", "{2BCD015C-E51F-4020-9623-9A75D10E05E5}"
EndProject
Global
	GlobalSection(SolutionConfigurationPlatforms) = preSolution
		Debug|Any CPU = Debug|Any CPU
		Release|Any CPU = Release|Any CPU
	EndGlobalSection
	GlobalSection(ProjectConfigurationPlatforms) = postSolution
		{3A79564B-6179-4B09-88B2-D30CC75B3DE3}.Debug|Any CPU.ActiveCfg = Debug|Any CPU
		{3A79564B-6179-4B09-88B2-D30CC75B3DE3}.Debug|Any CPU.Build.0 = Debug|Any CPU
		{3A79564B-6179-4B09-88B2-D30CC75B3DE3}.Release|Any CPU.ActiveCfg = Release|Any CPU
		{3A79564B-6179-4B09-88B2-D30CC75B3DE3}.Release|Any CPU.Build.0 = Release|Any CPU
		{2BCD015C-E51F-4020-9623-9A75D10E05E5}.Debug|Any CPU.ActiveCfg = Debug|Any CPU
		{2BCD015C-E51F-4020-9623-9A75D10E05E5}.Debug|Any CPU.Build.0 = Debug|Any CPU
		{2BCD015C-E51F-4020-9623-9A75D10E05E5}.Release|Any CPU.ActiveCfg = Release|Any CPU
		{2BCD015C-E51F-4020-9623-9A75D10E05E5}.Release|Any CPU.Build.0 = Release|Any CPU
	EndGlobalSection
	GlobalSection(SolutionProperties) = preSolution
		HideSolutionNode = FALSE
	EndGlobalSection
	GlobalSection(ExtensibilityGlobals) = postSolution
		SolutionGuid = {7B0D0681-5DB2-484E-AE00-6A052FA79B9B}
	EndGlobalSection
EndGlobal
